version = 1
requires-python = ">=3.12"

[[package]]
name = "certifi"
version = "2021.5.30"
source = { registry = "https://pypi.org/simple" }
sdist = { url = "https://files.pythonhosted.org/packages/6d/78/f8db8d57f520a54f0b8a438319c342c61c22759d8f9a1cd2e2180b5e5ea9/certifi-2021.5.30.tar.gz", hash = "sha256:2bbf76fd432960138b3ef6dda3dde0544f27cbf8546c458e60baf371917ba9ee", size = 147455 }
wheels = [
    { url = "https://files.pythonhosted.org/packages/05/1b/0a0dece0e8aa492a6ec9e4ad2fe366b511558cdc73fd3abc82ba7348e875/certifi-2021.5.30-py2.py3-none-any.whl", hash = "sha256:50b1e4f8446b06f41be7dd6338db18e0990601dce795c2b1686458aa7e8fa7d8", size = 145532 },
]

[[package]]
name = "chameleon"
version = "3.9.1"
source = { registry = "https://pypi.org/simple" }
sdist = { url = "https://files.pythonhosted.org/packages/4d/24/0ceafa2528008b9f378a8a0255765aef8b2143431dc66eb1c806b368b6e2/Chameleon-3.9.1.tar.gz", hash = "sha256:52e0922702798486419c4d8bcb7d0b9d3e0629ee305c459180c688eb03ba445f", size = 93940 }

[[package]]
name = "colorama"
version = "0.4.6"
source = { registry = "https://pypi.org/simple" }
sdist = { url = "https://files.pythonhosted.org/packages/d8/53/6f443c9a4a8358a93a6792e2acffb9d9d5cb0a5cfd8802644b7b1c9a02e4/colorama-0.4.6.tar.gz", hash = "sha256:08695f5cb7ed6e0531a20572697297273c47b8cae5a63ffc6d6ed5c201be6e44", size = 27697 }
wheels = [
    { url = "https://files.pythonhosted.org/packages/d1/d6/3965ed04c63042e047cb6a3e6ed1a63a35087b6a609aa3a15ed8ac56c221/colorama-0.4.6-py2.py3-none-any.whl", hash = "sha256:4f1d9991f5acc0ca119f9d443620b77f9d6b33703e51011c16baf57afb285fc6", size = 25335 },
]

[[package]]
name = "gpxpy"
version = "1.4.2"
source = { registry = "https://pypi.org/simple" }
sdist = { url = "https://files.pythonhosted.org/packages/dd/23/a1c04fb3ea8d57d4b46cf2956c99a62dfbe009bbe091babeef90cc3d0ef6/gpxpy-1.4.2.tar.gz", hash = "sha256:0832041899cdfdc5a607291bbef3d73042e16ffcecc3f2cb9631b699db0bb53f", size = 105718 }

[[package]]
name = "greenlet"
version = "3.1.1"
source = { registry = "https://pypi.org/simple" }
sdist = { url = "https://files.pythonhosted.org/packages/2f/ff/df5fede753cc10f6a5be0931204ea30c35fa2f2ea7a35b25bdaf4fe40e46/greenlet-3.1.1.tar.gz", hash = "sha256:4ce3ac6cdb6adf7946475d7ef31777c26d94bccc377e070a7986bd2d5c515467", size = 186022 }
wheels = [
    { url = "https://files.pythonhosted.org/packages/7d/ec/bad1ac26764d26aa1353216fcbfa4670050f66d445448aafa227f8b16e80/greenlet-3.1.1-cp312-cp312-macosx_11_0_universal2.whl", hash = "sha256:4afe7ea89de619adc868e087b4d2359282058479d7cfb94970adf4b55284574d", size = 274260 },
    { url = "https://files.pythonhosted.org/packages/66/d4/c8c04958870f482459ab5956c2942c4ec35cac7fe245527f1039837c17a9/greenlet-3.1.1-cp312-cp312-manylinux_2_17_aarch64.manylinux2014_aarch64.whl", hash = "sha256:f406b22b7c9a9b4f8aa9d2ab13d6ae0ac3e85c9a809bd590ad53fed2bf70dc79", size = 649064 },
    { url = "https://files.pythonhosted.org/packages/51/41/467b12a8c7c1303d20abcca145db2be4e6cd50a951fa30af48b6ec607581/greenlet-3.1.1-cp312-cp312-manylinux_2_17_ppc64le.manylinux2014_ppc64le.whl", hash = "sha256:c3a701fe5a9695b238503ce5bbe8218e03c3bcccf7e204e455e7462d770268aa", size = 663420 },
    { url = "https://files.pythonhosted.org/packages/27/8f/2a93cd9b1e7107d5c7b3b7816eeadcac2ebcaf6d6513df9abaf0334777f6/greenlet-3.1.1-cp312-cp312-manylinux_2_17_s390x.manylinux2014_s390x.whl", hash = "sha256:2846930c65b47d70b9d178e89c7e1a69c95c1f68ea5aa0a58646b7a96df12441", size = 658035 },
    { url = "https://files.pythonhosted.org/packages/57/5c/7c6f50cb12be092e1dccb2599be5a942c3416dbcfb76efcf54b3f8be4d8d/greenlet-3.1.1-cp312-cp312-manylinux_2_17_x86_64.manylinux2014_x86_64.whl", hash = "sha256:99cfaa2110534e2cf3ba31a7abcac9d328d1d9f1b95beede58294a60348fba36", size = 660105 },
    { url = "https://files.pythonhosted.org/packages/f1/66/033e58a50fd9ec9df00a8671c74f1f3a320564c6415a4ed82a1c651654ba/greenlet-3.1.1-cp312-cp312-manylinux_2_24_x86_64.manylinux_2_28_x86_64.whl", hash = "sha256:1443279c19fca463fc33e65ef2a935a5b09bb90f978beab37729e1c3c6c25fe9", size = 613077 },
    { url = "https://files.pythonhosted.org/packages/19/c5/36384a06f748044d06bdd8776e231fadf92fc896bd12cb1c9f5a1bda9578/greenlet-3.1.1-cp312-cp312-musllinux_1_1_aarch64.whl", hash = "sha256:b7cede291382a78f7bb5f04a529cb18e068dd29e0fb27376074b6d0317bf4dd0", size = 1135975 },
    { url = "https://files.pythonhosted.org/packages/38/f9/c0a0eb61bdf808d23266ecf1d63309f0e1471f284300ce6dac0ae1231881/greenlet-3.1.1-cp312-cp312-musllinux_1_1_x86_64.whl", hash = "sha256:23f20bb60ae298d7d8656c6ec6db134bca379ecefadb0b19ce6f19d1f232a942", size = 1163955 },
    { url = "https://files.pythonhosted.org/packages/43/21/a5d9df1d21514883333fc86584c07c2b49ba7c602e670b174bd73cfc9c7f/greenlet-3.1.1-cp312-cp312-win_amd64.whl", hash = "sha256:7124e16b4c55d417577c2077be379514321916d5790fa287c9ed6f23bd2ffd01", size = 299655 },
    { url = "https://files.pythonhosted.org/packages/f3/57/0db4940cd7bb461365ca8d6fd53e68254c9dbbcc2b452e69d0d41f10a85e/greenlet-3.1.1-cp313-cp313-macosx_11_0_universal2.whl", hash = "sha256:05175c27cb459dcfc05d026c4232f9de8913ed006d42713cb8a5137bd49375f1", size = 272990 },
    { url = "https://files.pythonhosted.org/packages/1c/ec/423d113c9f74e5e402e175b157203e9102feeb7088cee844d735b28ef963/greenlet-3.1.1-cp313-cp313-manylinux_2_17_aarch64.manylinux2014_aarch64.whl", hash = "sha256:935e943ec47c4afab8965954bf49bfa639c05d4ccf9ef6e924188f762145c0ff", size = 649175 },
    { url = "https://files.pythonhosted.org/packages/a9/46/ddbd2db9ff209186b7b7c621d1432e2f21714adc988703dbdd0e65155c77/greenlet-3.1.1-cp313-cp313-manylinux_2_17_ppc64le.manylinux2014_ppc64le.whl", hash = "sha256:667a9706c970cb552ede35aee17339a18e8f2a87a51fba2ed39ceeeb1004798a", size = 663425 },
    { url = "https://files.pythonhosted.org/packages/bc/f9/9c82d6b2b04aa37e38e74f0c429aece5eeb02bab6e3b98e7db89b23d94c6/greenlet-3.1.1-cp313-cp313-manylinux_2_17_s390x.manylinux2014_s390x.whl", hash = "sha256:b8a678974d1f3aa55f6cc34dc480169d58f2e6d8958895d68845fa4ab566509e", size = 657736 },
    { url = "https://files.pythonhosted.org/packages/d9/42/b87bc2a81e3a62c3de2b0d550bf91a86939442b7ff85abb94eec3fc0e6aa/greenlet-3.1.1-cp313-cp313-manylinux_2_17_x86_64.manylinux2014_x86_64.whl", hash = "sha256:efc0f674aa41b92da8c49e0346318c6075d734994c3c4e4430b1c3f853e498e4", size = 660347 },
    { url = "https://files.pythonhosted.org/packages/37/fa/71599c3fd06336cdc3eac52e6871cfebab4d9d70674a9a9e7a482c318e99/greenlet-3.1.1-cp313-cp313-manylinux_2_24_x86_64.manylinux_2_28_x86_64.whl", hash = "sha256:0153404a4bb921f0ff1abeb5ce8a5131da56b953eda6e14b88dc6bbc04d2049e", size = 615583 },
    { url = "https://files.pythonhosted.org/packages/4e/96/e9ef85de031703ee7a4483489b40cf307f93c1824a02e903106f2ea315fe/greenlet-3.1.1-cp313-cp313-musllinux_1_1_aarch64.whl", hash = "sha256:275f72decf9932639c1c6dd1013a1bc266438eb32710016a1c742df5da6e60a1", size = 1133039 },
    { url = "https://files.pythonhosted.org/packages/87/76/b2b6362accd69f2d1889db61a18c94bc743e961e3cab344c2effaa4b4a25/greenlet-3.1.1-cp313-cp313-musllinux_1_1_x86_64.whl", hash = "sha256:c4aab7f6381f38a4b42f269057aee279ab0fc7bf2e929e3d4abfae97b682a12c", size = 1160716 },
    { url = "https://files.pythonhosted.org/packages/1f/1b/54336d876186920e185066d8c3024ad55f21d7cc3683c856127ddb7b13ce/greenlet-3.1.1-cp313-cp313-win_amd64.whl", hash = "sha256:b42703b1cf69f2aa1df7d1030b9d77d3e584a70755674d60e710f0af570f3761", size = 299490 },
    { url = "https://files.pythonhosted.org/packages/5f/17/bea55bf36990e1638a2af5ba10c1640273ef20f627962cf97107f1e5d637/greenlet-3.1.1-cp313-cp313t-manylinux_2_17_aarch64.manylinux2014_aarch64.whl", hash = "sha256:f1695e76146579f8c06c1509c7ce4dfe0706f49c6831a817ac04eebb2fd02011", size = 643731 },
    { url = "https://files.pythonhosted.org/packages/78/d2/aa3d2157f9ab742a08e0fd8f77d4699f37c22adfbfeb0c610a186b5f75e0/greenlet-3.1.1-cp313-cp313t-manylinux_2_17_ppc64le.manylinux2014_ppc64le.whl", hash = "sha256:7876452af029456b3f3549b696bb36a06db7c90747740c5302f74a9e9fa14b13", size = 649304 },
    { url = "https://files.pythonhosted.org/packages/f1/8e/d0aeffe69e53ccff5a28fa86f07ad1d2d2d6537a9506229431a2a02e2f15/greenlet-3.1.1-cp313-cp313t-manylinux_2_17_s390x.manylinux2014_s390x.whl", hash = "sha256:4ead44c85f8ab905852d3de8d86f6f8baf77109f9da589cb4fa142bd3b57b475", size = 646537 },
    { url = "https://files.pythonhosted.org/packages/05/79/e15408220bbb989469c8871062c97c6c9136770657ba779711b90870d867/greenlet-3.1.1-cp313-cp313t-manylinux_2_17_x86_64.manylinux2014_x86_64.whl", hash = "sha256:8320f64b777d00dd7ccdade271eaf0cad6636343293a25074cc5566160e4de7b", size = 642506 },
    { url = "https://files.pythonhosted.org/packages/18/87/470e01a940307796f1d25f8167b551a968540fbe0551c0ebb853cb527dd6/greenlet-3.1.1-cp313-cp313t-manylinux_2_24_x86_64.manylinux_2_28_x86_64.whl", hash = "sha256:6510bf84a6b643dabba74d3049ead221257603a253d0a9873f55f6a59a65f822", size = 602753 },
    { url = "https://files.pythonhosted.org/packages/e2/72/576815ba674eddc3c25028238f74d7b8068902b3968cbe456771b166455e/greenlet-3.1.1-cp313-cp313t-musllinux_1_1_aarch64.whl", hash = "sha256:04b013dc07c96f83134b1e99888e7a79979f1a247e2a9f59697fa14b5862ed01", size = 1122731 },
    { url = "https://files.pythonhosted.org/packages/ac/38/08cc303ddddc4b3d7c628c3039a61a3aae36c241ed01393d00c2fd663473/greenlet-3.1.1-cp313-cp313t-musllinux_1_1_x86_64.whl", hash = "sha256:411f015496fec93c1c8cd4e5238da364e1da7a124bcb293f085bf2860c32c6f6", size = 1142112 },
]

[[package]]
name = "hupper"
version = "1.10.3"
source = { registry = "https://pypi.org/simple" }
sdist = { url = "https://files.pythonhosted.org/packages/6e/0c/42cf24a35e97999bf1bdb64c8a27a70ae95ffa72d85090339b7b5404e536/hupper-1.10.3.tar.gz", hash = "sha256:cd6f51b72c7587bc9bce8a65ecd025a1e95f1b03284519bfe91284d010316cd9", size = 48215 }
wheels = [
    { url = "https://files.pythonhosted.org/packages/9a/cb/d30896ad0d288358bbae60576556df78422179fc08c630f863258a7800ea/hupper-1.10.3-py2.py3-none-any.whl", hash = "sha256:f683850d62598c02faf3c7cdaaa727d8cbe3c5a2497a5737a8358386903b2601", size = 26591 },
]

[[package]]
name = "iniconfig"
version = "2.0.0"
source = { registry = "https://pypi.org/simple" }
sdist = { url = "https://files.pythonhosted.org/packages/d7/4b/cbd8e699e64a6f16ca3a8220661b5f83792b3017d0f79807cb8708d33913/iniconfig-2.0.0.tar.gz", hash = "sha256:2d91e135bf72d31a410b17c16da610a82cb55f6b0477d1a902134b24a455b8b3", size = 4646 }
wheels = [
    { url = "https://files.pythonhosted.org/packages/ef/a6/62565a6e1cf69e10f5727360368e451d4b7f58beeac6173dc9db836a5b46/iniconfig-2.0.0-py3-none-any.whl", hash = "sha256:b6a85871a79d2e3b22d2d1b94ac2824226a63c6b741c88f7ae975f18b6778374", size = 5892 },
]

[[package]]
name = "latlon23"
version = "1.0.7"
source = { registry = "https://pypi.org/simple" }
dependencies = [
    { name = "pyproj" },
]
sdist = { url = "https://files.pythonhosted.org/packages/39/db/fc3b19993095c19eea84793ebb3bcbe3706c693c107f6b49b2ea3d025514/LatLon23-1.0.7.tar.gz", hash = "sha256:e0ea06eda0ac1dab658fec89ee158c5221948cf147e38724fe50dfbd8a1ff340", size = 25136 }

[[package]]
name = "mako"
version = "1.1.4"
source = { registry = "https://pypi.org/simple" }
dependencies = [
    { name = "markupsafe" },
]
sdist = { url = "https://files.pythonhosted.org/packages/5c/db/2d2d88b924aa4674a080aae83b59ea19d593250bfe5ed789947c21736785/Mako-1.1.4.tar.gz", hash = "sha256:17831f0b7087c313c0ffae2bcbbd3c1d5ba9eeac9c38f2eb7b50e8c99fe9d5ab", size = 479823 }
wheels = [
    { url = "https://files.pythonhosted.org/packages/f3/54/dbc07fbb20865d3b78fdb7cf7fa713e2cba4f87f71100074ef2dc9f9d1f7/Mako-1.1.4-py2.py3-none-any.whl", hash = "sha256:aea166356da44b9b830c8023cd9b557fa856bd8b4035d6de771ca027dfc5cc6e", size = 75675 },
]

[[package]]
name = "mapthing"
version = "0.1.0"
source = { virtual = "." }
dependencies = [
    { name = "certifi" },
    { name = "chameleon" },
    { name = "gpxpy" },
    { name = "hupper" },
    { name = "latlon23" },
    { name = "mako" },
    { name = "markupsafe" },
    { name = "olefile" },
    { name = "paste" },
    { name = "pastedeploy" },
    { name = "pillow" },
    { name = "plaster" },
    { name = "plaster-pastedeploy" },
    { name = "pygments" },
    { name = "pyproj" },
    { name = "pyramid" },
    { name = "pyramid-chameleon" },
    { name = "pyramid-debugtoolbar" },
    { name = "pyramid-mako" },
    { name = "pyramid-tm" },
    { name = "pyshp" },
    { name = "python-dateutil" },
    { name = "pytz" },
    { name = "repoze-lru" },
    { name = "six" },
    { name = "sqlalchemy" },
    { name = "transaction" },
    { name = "translationstring" },
    { name = "venusian" },
    { name = "waitress" },
    { name = "webob" },
    { name = "zope-deprecation" },
    { name = "zope-interface" },
    { name = "zope-sqlalchemy" },
]

[package.dev-dependencies]
dev = [
    { name = "pytest" },
]

[package.metadata]
requires-dist = [
    { name = "certifi", specifier = "==2021.5.30" },
    { name = "chameleon", specifier = "==3.9.1" },
    { name = "gpxpy", specifier = "==1.4.2" },
    { name = "hupper", specifier = "==1.10.3" },
    { name = "latlon23", specifier = "==1.0.7" },
    { name = "mako", specifier = "==1.1.4" },
    { name = "markupsafe", specifier = "==2.0.1" },
    { name = "olefile", specifier = "==0.46" },
    { name = "paste", specifier = "==3.5.0" },
    { name = "pastedeploy", specifier = "==2.1.1" },
    { name = "pillow", specifier = "==8.3.1" },
    { name = "plaster", specifier = "==1.0" },
    { name = "plaster-pastedeploy", specifier = "==0.7" },
    { name = "pygments", specifier = "==2.9.0" },
    { name = "pyproj", specifier = ">=3.7.0" },
    { name = "pyramid", specifier = "==1.10.8" },
    { name = "pyramid-chameleon", specifier = "==0.3" },
    { name = "pyramid-debugtoolbar", specifier = "==4.9" },
    { name = "pyramid-mako", specifier = "==1.1.0" },
    { name = "pyramid-tm", specifier = "==2.4" },
    { name = "pyshp", specifier = "==2.1.3" },
    { name = "python-dateutil", specifier = "==2.8.2" },
    { name = "pytz", specifier = "==2021.1" },
    { name = "repoze-lru", specifier = "==0.7" },
    { name = "six", specifier = "==1.16.0" },
    { name = "sqlalchemy", specifier = "==1.4.21" },
    { name = "transaction", specifier = "==3.0.1" },
    { name = "translationstring", specifier = "==1.4" },
    { name = "venusian", specifier = "==3.0.0" },
    { name = "waitress", specifier = "==2.0.0" },
    { name = "webob", specifier = "==1.8.7" },
    { name = "zope-deprecation", specifier = "==4.4.0" },
    { name = "zope-interface", specifier = "==5.4.0" },
    { name = "zope-sqlalchemy", specifier = "==1.5" },
]

[package.metadata.requires-dev]
dev = [{ name = "pytest", specifier = ">=8.3.3" }]

[[package]]
name = "markupsafe"
version = "2.0.1"
source = { registry = "https://pypi.org/simple" }
sdist = { url = "https://files.pythonhosted.org/packages/bf/10/ff66fea6d1788c458663a84d88787bae15d45daa16f6b3ef33322a51fc7e/MarkupSafe-2.0.1.tar.gz", hash = "sha256:594c67807fb16238b30c44bdf74f36c02cdf22d1c8cda91ef8a0ed8dabf5620a", size = 18596 }

[[package]]
name = "olefile"
version = "0.46"
source = { registry = "https://pypi.org/simple" }
sdist = { url = "https://files.pythonhosted.org/packages/34/81/e1ac43c6b45b4c5f8d9352396a14144bba52c8fec72a80f425f6a4d653ad/olefile-0.46.zip", hash = "sha256:133b031eaf8fd2c9399b78b8bc5b8fcbe4c31e85295749bb17a87cba8f3c3964", size = 112226 }

[[package]]
name = "packaging"
version = "24.2"
source = { registry = "https://pypi.org/simple" }
sdist = { url = "https://files.pythonhosted.org/packages/d0/63/68dbb6eb2de9cb10ee4c9c14a0148804425e13c4fb20d61cce69f53106da/packaging-24.2.tar.gz", hash = "sha256:c228a6dc5e932d346bc5739379109d49e8853dd8223571c7c5b55260edc0b97f", size = 163950 }
wheels = [
    { url = "https://files.pythonhosted.org/packages/88/ef/eb23f262cca3c0c4eb7ab1933c3b1f03d021f2c48f54763065b6f0e321be/packaging-24.2-py3-none-any.whl", hash = "sha256:09abb1bccd265c01f4a3aa3f7a7db064b36514d2cba19a2f694fe6150451a759", size = 65451 },
]

[[package]]
name = "paste"
version = "3.5.0"
source = { registry = "https://pypi.org/simple" }
dependencies = [
    { name = "setuptools" },
    { name = "six" },
]
sdist = { url = "https://files.pythonhosted.org/packages/b7/e0/eb502f90e14570c88ed108a101ff223ccc853e2ba057ac4e7d6eb40c923e/Paste-3.5.0.tar.gz", hash = "sha256:1b095c42dc91d426f3ae85101796b14d265887f8f36f3aad143a5f29effdc39d", size = 638021 }
wheels = [
    { url = "https://files.pythonhosted.org/packages/7a/b0/ca8825989b9c6203f36f80fef31be5144df3ff3461efec3f34615b6a7f99/Paste-3.5.0-py2.py3-none-any.whl", hash = "sha256:8e08200a570f7e29dfafd4eea0e1b38a6193cfda6446bb515db74250b632c53b", size = 593198 },
]

[[package]]
name = "pastedeploy"
version = "2.1.1"
source = { registry = "https://pypi.org/simple" }
dependencies = [
    { name = "setuptools" },
]
sdist = { url = "https://files.pythonhosted.org/packages/3f/98/179626030d6b3f04e4471aae01f1eae7539347fa7bb8f1228ea4ed600054/PasteDeploy-2.1.1.tar.gz", hash = "sha256:6dead6ab9823a85d585ef27f878bc647f787edb9ca8da0716aa9f1261b464817", size = 19141 }
wheels = [
    { url = "https://files.pythonhosted.org/packages/8f/0b/d47ea894587f3155f8c4520aa74d57c856189d0bbe27e831881d655a3386/PasteDeploy-2.1.1-py2.py3-none-any.whl", hash = "sha256:14923cfd6ad4281b570693afc278bab5076fbdd4cd15aa9d99b042d694aa4217", size = 17642 },
]

[[package]]
name = "pillow"
version = "8.3.1"
source = { registry = "https://pypi.org/simple" }
sdist = { url = "https://files.pythonhosted.org/packages/8f/7d/1e9c2d8989c209edfd10f878da1af956059a1caab498e5bc34fa11b83f71/Pillow-8.3.1.tar.gz", hash = "sha256:2cac53839bfc5cece8fdbe7f084d5e3ee61e1303cccc86511d351adcb9e2c792", size = 48724443 }

[[package]]
name = "plaster"
version = "1.0"
source = { registry = "https://pypi.org/simple" }
dependencies = [
    { name = "setuptools" },
]
sdist = { url = "https://files.pythonhosted.org/packages/37/e1/56d04382d718d32751017d32f351214384e529b794084eee20bb52405563/plaster-1.0.tar.gz", hash = "sha256:8351c7c7efdf33084c1de88dd0f422cbe7342534537b553c49b857b12d98c8c3", size = 29592 }
wheels = [
    { url = "https://files.pythonhosted.org/packages/61/29/3ac8a5d03b2d9e6b876385066676472ba4acf93677acfc7360b035503d49/plaster-1.0-py2.py3-none-any.whl", hash = "sha256:215c921a438b5349931fd7df9a5a11a3572947f20f4bc6dd622ac08f1c3ba249", size = 14064 },
]

[[package]]
name = "plaster-pastedeploy"
version = "0.7"
source = { registry = "https://pypi.org/simple" }
dependencies = [
    { name = "pastedeploy" },
    { name = "plaster" },
]
sdist = { url = "https://files.pythonhosted.org/packages/99/69/2d3bc33091249266a1bd3cf24499e40ab31d54dffb4a7d76fe647950b98c/plaster_pastedeploy-0.7.tar.gz", hash = "sha256:391d93a4e1ff81fc3bae27508ebb765b61f1724ae6169f83577f06b6357be7fd", size = 19858 }
wheels = [
    { url = "https://files.pythonhosted.org/packages/11/c4/0470056ea324c7a420c22647be512dec1b5e32b1b6e77e27c61838d2811c/plaster_pastedeploy-0.7-py2.py3-none-any.whl", hash = "sha256:7c8aa37c917b615c70bf942b24dc1e0455c49f62f1a2214b1a0dd98871644bbb", size = 7847 },
]

[[package]]
name = "pluggy"
version = "1.5.0"
source = { registry = "https://pypi.org/simple" }
sdist = { url = "https://files.pythonhosted.org/packages/96/2d/02d4312c973c6050a18b314a5ad0b3210edb65a906f868e31c111dede4a6/pluggy-1.5.0.tar.gz", hash = "sha256:2cffa88e94fdc978c4c574f15f9e59b7f4201d439195c3715ca9e2486f1d0cf1", size = 67955 }
wheels = [
    { url = "https://files.pythonhosted.org/packages/88/5f/e351af9a41f866ac3f1fac4ca0613908d9a41741cfcf2228f4ad853b697d/pluggy-1.5.0-py3-none-any.whl", hash = "sha256:44e1ad92c8ca002de6377e165f3e0f1be63266ab4d554740532335b9d75ea669", size = 20556 },
]

[[package]]
name = "pygments"
version = "2.9.0"
source = { registry = "https://pypi.org/simple" }
sdist = { url = "https://files.pythonhosted.org/packages/ba/6e/7a7c13c21d8a4a7f82ccbfe257a045890d4dbf18c023f985f565f97393e3/Pygments-2.9.0.tar.gz", hash = "sha256:a18f47b506a429f6f4b9df81bb02beab9ca21d0a5fee38ed15aef65f0545519f", size = 4048049 }
wheels = [
    { url = "https://files.pythonhosted.org/packages/a6/c9/be11fce9810793676017f79ffab3c6cb18575844a6c7b8d4ed92f95de604/Pygments-2.9.0-py3-none-any.whl", hash = "sha256:d66e804411278594d764fc69ec36ec13d9ae9147193a1740cd34d272ca383b8e", size = 1006189 },
]

[[package]]
name = "pyproj"
version = "3.7.0"
source = { registry = "https://pypi.org/simple" }
dependencies = [
    { name = "certifi" },
]
sdist = { url = "https://files.pythonhosted.org/packages/47/c2/0572c8e31aebf0270f15f3368adebd10fc473de9f09567a0743a3bc41c8d/pyproj-3.7.0.tar.gz", hash = "sha256:bf658f4aaf815d9d03c8121650b6f0b8067265c36e31bc6660b98ef144d81813", size = 225577 }
wheels = [
    { url = "https://files.pythonhosted.org/packages/bd/19/be806b711e9ebfb80411c653054157db128fffdd7f8493e3064136c8d880/pyproj-3.7.0-cp312-cp312-macosx_12_0_x86_64.whl", hash = "sha256:8cbec92bdd6e9933ca08795c12717d1384e9b51cf4b1acf0d753db255a75c51e", size = 6261400 },
    { url = "https://files.pythonhosted.org/packages/99/3b/8497995e8cae0049d013679c6a7ac6c57b816d590c733a388748dafe5af5/pyproj-3.7.0-cp312-cp312-macosx_14_0_arm64.whl", hash = "sha256:8c4a8e4d3ba76c3adac3c087544cf92f7f9a19ea34946904a13fca48cc1c0106", size = 4637848 },
    { url = "https://files.pythonhosted.org/packages/ea/f7/2a5b46d6f8da913d58d44942ab06ca4803b5424b73259b15344cf90040f6/pyproj-3.7.0-cp312-cp312-manylinux_2_17_aarch64.manylinux2014_aarch64.whl", hash = "sha256:82624fb42aa31f6b1a860fbc0316babd07fd712642bc31022df4e9b4056bf463", size = 6324856 },
    { url = "https://files.pythonhosted.org/packages/36/83/c257771077bcf9da20d0e97abc834f9037c219986cc76d40183903a30464/pyproj-3.7.0-cp312-cp312-manylinux_2_17_x86_64.manylinux2014_x86_64.whl", hash = "sha256:34e1bbb3f89c68d4a6835c40b2da8b27680eec60e8cc7cdb08c09bcc725b2b62", size = 9525831 },
    { url = "https://files.pythonhosted.org/packages/d6/50/a635de79def69fe03cdef3a4bd3bec780c30987bce3a15dd7099afb2506f/pyproj-3.7.0-cp312-cp312-win32.whl", hash = "sha256:952515d5592167ad4436b355485f82acebed2a49b46722159e4584b75a763dd3", size = 5811864 },
    { url = "https://files.pythonhosted.org/packages/a1/8b/96bc8c8f3eca4eb7fa3758fde0b755d1df30a19f494376e3ee8de1ef4e79/pyproj-3.7.0-cp312-cp312-win_amd64.whl", hash = "sha256:0692f806224e8ed82fe4acfa57268ff444fdaf9f330689f24c0d96e59480cce1", size = 6224720 },
    { url = "https://files.pythonhosted.org/packages/bf/da/a17c452bea1ff4cd58d6dc573055b9c8fb6af114b7d2c694782aec770865/pyproj-3.7.0-cp313-cp313-macosx_12_0_x86_64.whl", hash = "sha256:94e8b903a9e83448fd2379c49dec3e8cd83c9ed36f54354e68b601cef56d5426", size = 6254898 },
    { url = "https://files.pythonhosted.org/packages/c2/31/ab07b389f2caa527c95ab2ea1940d28879bd2a19e67b2529cb3e94648d26/pyproj-3.7.0-cp313-cp313-macosx_14_0_arm64.whl", hash = "sha256:64cb5c17d6f6305a8b978a40f95560c87c5b363fcac40632337955664437875a", size = 4628612 },
    { url = "https://files.pythonhosted.org/packages/1d/24/def3ded6529db3e3d8351ad73481730249ab57d8d876d502f86d7958ce06/pyproj-3.7.0-cp313-cp313-manylinux_2_17_aarch64.manylinux2014_aarch64.whl", hash = "sha256:2c54e9bdda7ab9c4a5af50f9d6e6ee7704e05fafd504896b96ed1208c7aea098", size = 6315895 },
    { url = "https://files.pythonhosted.org/packages/dd/14/07314f78302105d199fb25e73376d723efe9c2ef3906463aae209913a6d3/pyproj-3.7.0-cp313-cp313-manylinux_2_17_x86_64.manylinux2014_x86_64.whl", hash = "sha256:24fa4e9e0abba875f9524808410cc520067eaf38fd5549ed0ef7c43ac39923c9", size = 9466144 },
    { url = "https://files.pythonhosted.org/packages/00/f2/2a116920db3496e3ff3c94d7d8d15da41374f35cfe1b9e79682eca500a61/pyproj-3.7.0-cp313-cp313-win32.whl", hash = "sha256:b9e8353fc3c79dc14d1f5ac758a1a6e4eee04102c3c0b138670f121f5ac52eb4", size = 5807180 },
    { url = "https://files.pythonhosted.org/packages/f8/33/3c8c6302717096b54aa14ccbb271045ba04629e21cbf348f2f2dc94f69b4/pyproj-3.7.0-cp313-cp313-win_amd64.whl", hash = "sha256:10a8dc6ec61af97c89ff032647d743f8dc023645773da42ef43f7ae1125b3509", size = 6218036 },
]

[[package]]
name = "pyramid"
version = "1.10.8"
source = { registry = "https://pypi.org/simple" }
dependencies = [
    { name = "hupper" },
    { name = "plaster" },
    { name = "plaster-pastedeploy" },
    { name = "setuptools" },
    { name = "translationstring" },
    { name = "venusian" },
    { name = "webob" },
    { name = "zope-deprecation" },
    { name = "zope-interface" },
]
sdist = { url = "https://files.pythonhosted.org/packages/72/c3/095f0b37069c6122c8411807f0e1bf482fe79e997b8747750eaab2613ddb/pyramid-1.10.8.tar.gz", hash = "sha256:b7cd66595bef92f81764b976ddde2b2fa8e4f5f325e02f65f6ec7f3708b29cf6", size = 2710967 }
wheels = [
    { url = "https://files.pythonhosted.org/packages/3c/0b/6a56fe7dd5ccb1dc9188c3f337c776d7bc6d3f2fc6044c458b0799d37b0d/pyramid-1.10.8-py2.py3-none-any.whl", hash = "sha256:06e99d3174586921490203288e2cc9cd43d12992306f924ca32a2c59233386a9", size = 327105 },
]

[[package]]
name = "pyramid-chameleon"
version = "0.3"
source = { registry = "https://pypi.org/simple" }
dependencies = [
    { name = "chameleon" },
    { name = "pyramid" },
]
sdist = { url = "https://files.pythonhosted.org/packages/8a/cd/ae2f1f2c547884bc6fa16aa607d21f8e85a0b7997b0ba6426e35212b1e2d/pyramid_chameleon-0.3.tar.gz", hash = "sha256:d176792a50eb015d7865b44bd9b24a7bd0489fa9a5cebbd17b9e05048cef9017", size = 28468 }

[[package]]
name = "pyramid-debugtoolbar"
version = "4.9"
source = { registry = "https://pypi.org/simple" }
dependencies = [
    { name = "pygments" },
    { name = "pyramid" },
    { name = "pyramid-mako" },
    { name = "repoze-lru" },
]
sdist = { url = "https://files.pythonhosted.org/packages/d1/9a/e7698bf37ec4c993758388a5011f4253bad956e492cf89a1048c82906b45/pyramid_debugtoolbar-4.9.tar.gz", hash = "sha256:5a1fd20bad4b8a1172f0ef4d22191ba382181206d0e566ffcf03d066b88429d7", size = 3080206 }
wheels = [
    { url = "https://files.pythonhosted.org/packages/1b/b1/6d8f51befb8628348ff9171655d859bc891ae41b5ff82a155a07b7c6f2b3/pyramid_debugtoolbar-4.9-py2.py3-none-any.whl", hash = "sha256:27bb6f3187381b5831bd5f9c3b4e08c3971d86d459395bffa958548604434560", size = 351370 },
]

[[package]]
name = "pyramid-mako"
version = "1.1.0"
source = { registry = "https://pypi.org/simple" }
dependencies = [
    { name = "mako" },
    { name = "pyramid" },
]
sdist = { url = "https://files.pythonhosted.org/packages/63/7b/5e2af68f675071a6bad148c1c393928f0ef5fcd94e95cbf53b89d6471a83/pyramid_mako-1.1.0.tar.gz", hash = "sha256:0066c863441f1c3ddea60cee1ccc50d00a91a317a8052ca44131da1a12a840e2", size = 31236 }
wheels = [
    { url = "https://files.pythonhosted.org/packages/57/ce/bc0aec2166cff2b2a9d061b02b07bfaa2413f31a5f828987038e5e99d53c/pyramid_mako-1.1.0-py2.py3-none-any.whl", hash = "sha256:76104592d292b6974cf7080aa52405c51f396a621535f01e274d7fe546e85a43", size = 14145 },
]

[[package]]
name = "pyramid-tm"
version = "2.4"
source = { registry = "https://pypi.org/simple" }
dependencies = [
    { name = "pyramid" },
    { name = "transaction" },
]
sdist = { url = "https://files.pythonhosted.org/packages/13/03/1b5b546c3d3083875006a0049e0ea380f7be4da281e9952b6f04bb787a45/pyramid_tm-2.4.tar.gz", hash = "sha256:5fd6d4ac9181a65ec54e5b280229ed6d8b3ed6a8f5a0bcff05c572751f086533", size = 38106 }
wheels = [
    { url = "https://files.pythonhosted.org/packages/05/8e/526a1f50f73408888384c60fe5d748df001f5a4d1d62eeb71d96596466c6/pyramid_tm-2.4-py2.py3-none-any.whl", hash = "sha256:4a4e212cd239f06c496d074f5d294e88478b94059541448bc151d505f653be59", size = 15408 },
]

[[package]]
name = "pyshp"
version = "2.1.3"
source = { registry = "https://pypi.org/simple" }
sdist = { url = "https://files.pythonhosted.org/packages/38/85/fbf87e7aa55103e0d06af756bdbc15cf821fa580414c23142d60a35d4f85/pyshp-2.1.3.tar.gz", hash = "sha256:e32b4a6832a3b97986df442df63b4c4a7dcc846b326c903189530a5cc6df0260", size = 219626 }

[[package]]
name = "pytest"
version = "8.3.3"
source = { registry = "https://pypi.org/simple" }
dependencies = [
    { name = "colorama", marker = "sys_platform == 'win32'" },
    { name = "iniconfig" },
    { name = "packaging" },
    { name = "pluggy" },
]
sdist = { url = "https://files.pythonhosted.org/packages/8b/6c/62bbd536103af674e227c41a8f3dcd022d591f6eed5facb5a0f31ee33bbc/pytest-8.3.3.tar.gz", hash = "sha256:70b98107bd648308a7952b06e6ca9a50bc660be218d53c257cc1fc94fda10181", size = 1442487 }
wheels = [
    { url = "https://files.pythonhosted.org/packages/6b/77/7440a06a8ead44c7757a64362dd22df5760f9b12dc5f11b6188cd2fc27a0/pytest-8.3.3-py3-none-any.whl", hash = "sha256:a6853c7375b2663155079443d2e45de913a911a11d669df02a50814944db57b2", size = 342341 },
]

[[package]]
name = "python-dateutil"
version = "2.8.2"
source = { registry = "https://pypi.org/simple" }
dependencies = [
    { name = "six" },
]
sdist = { url = "https://files.pythonhosted.org/packages/4c/c4/13b4776ea2d76c115c1d1b84579f3764ee6d57204f6be27119f13a61d0a9/python-dateutil-2.8.2.tar.gz", hash = "sha256:0123cacc1627ae19ddf3c27a5de5bd67ee4586fbdd6440d9748f8abb483d3e86", size = 357324 }
wheels = [
    { url = "https://files.pythonhosted.org/packages/36/7a/87837f39d0296e723bb9b62bbb257d0355c7f6128853c78955f57342a56d/python_dateutil-2.8.2-py2.py3-none-any.whl", hash = "sha256:961d03dc3453ebbc59dbdea9e4e11c5651520a876d0f4db161e8674aae935da9", size = 247702 },
]

[[package]]
name = "pytz"
version = "2021.1"
source = { registry = "https://pypi.org/simple" }
sdist = { url = "https://files.pythonhosted.org/packages/b0/61/eddc6eb2c682ea6fd97a7e1018a6294be80dba08fa28e7a3570148b4612d/pytz-2021.1.tar.gz", hash = "sha256:83a4a90894bf38e243cf052c8b58f381bfe9a7a483f6a9cab140bc7f702ac4da", size = 317945 }
wheels = [
    { url = "https://files.pythonhosted.org/packages/70/94/784178ca5dd892a98f113cdd923372024dc04b8d40abe77ca76b5fb90ca6/pytz-2021.1-py2.py3-none-any.whl", hash = "sha256:eb10ce3e7736052ed3623d49975ce333bcd712c7bb19a58b9e2089d4057d0798", size = 510782 },
]

[[package]]
name = "repoze-lru"
version = "0.7"
source = { registry = "https://pypi.org/simple" }
sdist = { url = "https://files.pythonhosted.org/packages/12/bc/595a77c4b5e204847fdf19268314ef59c85193a9dc9f83630fc459c0fee5/repoze.lru-0.7.tar.gz", hash = "sha256:0429a75e19380e4ed50c0694e26ac8819b4ea7851ee1fc7583c8572db80aff77", size = 19591 }
wheels = [
    { url = "https://files.pythonhosted.org/packages/b0/30/6cc0c95f0b59ad4b3b9163bff7cdcf793cc96fac64cf398ff26271f5cf5e/repoze.lru-0.7-py3-none-any.whl", hash = "sha256:f77bf0e1096ea445beadd35f3479c5cff2aa1efe604a133e67150bc8630a62ea", size = 10985 },
]

[[package]]
name = "setuptools"
version = "75.6.0"
source = { registry = "https://pypi.org/simple" }
sdist = { url = "https://files.pythonhosted.org/packages/43/54/292f26c208734e9a7f067aea4a7e282c080750c4546559b58e2e45413ca0/setuptools-75.6.0.tar.gz", hash = "sha256:8199222558df7c86216af4f84c30e9b34a61d8ba19366cc914424cdbd28252f6", size = 1337429 }
wheels = [
    { url = "https://files.pythonhosted.org/packages/55/21/47d163f615df1d30c094f6c8bbb353619274edccf0327b185cc2493c2c33/setuptools-75.6.0-py3-none-any.whl", hash = "sha256:ce74b49e8f7110f9bf04883b730f4765b774ef3ef28f722cce7c273d253aaf7d", size = 1224032 },
]

[[package]]
name = "six"
version = "1.16.0"
source = { registry = "https://pypi.org/simple" }
sdist = { url = "https://files.pythonhosted.org/packages/71/39/171f1c67cd00715f190ba0b100d606d440a28c93c7714febeca8b79af85e/six-1.16.0.tar.gz", hash = "sha256:1e61c37477a1626458e36f7b1d82aa5c9b094fa4802892072e49de9c60c4c926", size = 34041 }
wheels = [
    { url = "https://files.pythonhosted.org/packages/d9/5a/e7c31adbe875f2abbb91bd84cf2dc52d792b5a01506781dbcf25c91daf11/six-1.16.0-py2.py3-none-any.whl", hash = "sha256:8abb2f1d86890a2dfb989f9a77cfcfd3e47c2a354b01111771326f8aa26e0254", size = 11053 },
]

[[package]]
name = "sqlalchemy"
version = "1.4.21"
source = { registry = "https://pypi.org/simple" }
dependencies = [
    { name = "greenlet" },
]
sdist = { url = "https://files.pythonhosted.org/packages/5b/93/1f25d619c8b9a473905627873e790b723faf083216531ec101cf8414cfe7/SQLAlchemy-1.4.21.tar.gz", hash = "sha256:07e9054f4df612beadd12ca8a5342246bffcad74a1fa8df1368d1f2bb07d8fc7", size = 7701480 }

[[package]]
name = "transaction"
version = "3.0.1"
source = { registry = "https://pypi.org/simple" }
dependencies = [
    { name = "zope-interface" },
]
sdist = { url = "https://files.pythonhosted.org/packages/28/d3/a09ac263b4eebfff68545e75a36cc570c63f7d41e0f84db99fd983a92e00/transaction-3.0.1.tar.gz", hash = "sha256:0c15ef0b7ff3518357ceea75722a30d974c3f85e11aa5cec5d5a2b6a40cfcf68", size = 72934 }
wheels = [
    { url = "https://files.pythonhosted.org/packages/9b/35/b5cca132f9b364066bea00cbf4ea466b7a15461a609ab9ba8e832e165452/transaction-3.0.1-py2.py3-none-any.whl", hash = "sha256:2329a6e6b82d1d8d4de9267ea6ee790532c375e5911d3c7633a234e94a4a0a9e", size = 47396 },
]

[[package]]
name = "translationstring"
version = "1.4"
source = { registry = "https://pypi.org/simple" }
sdist = { url = "https://files.pythonhosted.org/packages/14/39/32325add93da9439775d7fe4b4887eb7986dbc1d5675b0431f4531f560e5/translationstring-1.4.tar.gz", hash = "sha256:bf947538d76e69ba12ab17283b10355a9ecfbc078e6123443f43f2107f6376f3", size = 24199 }
wheels = [
    { url = "https://files.pythonhosted.org/packages/3b/98/36187601a15e3d37e9bfcf0e0e1055532b39d044353b06861c3a519737a9/translationstring-1.4-py2.py3-none-any.whl", hash = "sha256:5f4dc4d939573db851c8d840551e1a0fb27b946afe3b95aafc22577eed2d6262", size = 15028 },
]

[[package]]
name = "venusian"
version = "3.0.0"
source = { registry = "https://pypi.org/simple" }
sdist = { url = "https://files.pythonhosted.org/packages/53/d9/29816f12828a5ff539e66afe270a764d07bf4bb4cefc6613e331c9d38ba9/venusian-3.0.0.tar.gz", hash = "sha256:f6842b7242b1039c0c28f6feef29016e7e7dd3caaeb476a193acf737db31ee38", size = 44558 }
wheels = [
    { url = "https://files.pythonhosted.org/packages/43/92/3d522a710867168ee422a0ffbd712c425ece937aaeec4381497a59e24faf/venusian-3.0.0-py3-none-any.whl", hash = "sha256:06e7385786ad3a15c70740b2af8d30dfb063a946a851dcb4159f9e2a2302578f", size = 13594 },
]

[[package]]
name = "waitress"
version = "2.0.0"
source = { registry = "https://pypi.org/simple" }
sdist = { url = "https://files.pythonhosted.org/packages/4d/b9/212595d3a011f2b508ab571872ffc300162c9e530b3043a50665b9ada2f0/waitress-2.0.0.tar.gz", hash = "sha256:69e1f242c7f80273490d3403c3976f3ac3b26e289856936d1f620ed48f321897", size = 175641 }
wheels = [
    { url = "https://files.pythonhosted.org/packages/a8/cf/a9e9590023684dbf4e7861e261b0cfd6498a62396c748e661577ca720a29/waitress-2.0.0-py3-none-any.whl", hash = "sha256:29af5a53e9fb4e158f525367678b50053808ca6c21ba585754c77d790008c746", size = 56503 },
]

[[package]]
name = "webob"
version = "1.8.7"
source = { registry = "https://pypi.org/simple" }
sdist = { url = "https://files.pythonhosted.org/packages/c7/45/ee5f034fb4ebe3236fa49e5a4fcbc54444dd22ecf33079cf56f9606d479d/WebOb-1.8.7.tar.gz", hash = "sha256:b64ef5141be559cfade448f044fa45c2260351edcb6a8ef6b7e00c7dcef0c323", size = 278544 }
wheels = [
    { url = "https://files.pythonhosted.org/packages/62/9c/e94a9982e9f31fc35cf46cdc543a6c2c26cb7174635b5fd25b0bbc6a7bc0/WebOb-1.8.7-py2.py3-none-any.whl", hash = "sha256:73aae30359291c14fa3b956f8b5ca31960e420c28c1bec002547fb04928cf89b", size = 114985 },
]

[[package]]
name = "zope-deprecation"
version = "4.4.0"
source = { registry = "https://pypi.org/simple" }
dependencies = [
    { name = "setuptools" },
]
sdist = { url = "https://files.pythonhosted.org/packages/34/da/46e92d32d545dd067b9436279d84c339e8b16de2ca393d7b892bc1e1e9fd/zope.deprecation-4.4.0.tar.gz", hash = "sha256:0d453338f04bacf91bbfba545d8bcdf529aa829e67b705eac8c1a7fdce66e2df", size = 24737 }
wheels = [
    { url = "https://files.pythonhosted.org/packages/f9/26/b935bbf9d27e898b87d80e7873a0200cebf239253d0afe7a59f82fe90fff/zope.deprecation-4.4.0-py2.py3-none-any.whl", hash = "sha256:f1480b74995958b24ce37b0ef04d3663d2683e5d6debc96726eff18acf4ea113", size = 10017 },
]

[[package]]
name = "zope-interface"
version = "5.4.0"
source = { registry = "https://pypi.org/simple" }
dependencies = [
    { name = "setuptools" },
]
sdist = { url = "https://files.pythonhosted.org/packages/ae/58/e0877f58daa69126a5fb325d6df92b20b77431cd281e189c5ec42b722f58/zope.interface-5.4.0.tar.gz", hash = "sha256:5dba5f530fec3f0988d83b78cc591b58c0b6eb8431a85edd1569a0539a8a5a0e", size = 249329 }

[[package]]
name = "zope-sqlalchemy"
version = "1.5"
source = { registry = "https://pypi.org/simple" }
dependencies = [
    { name = "setuptools" },
    { name = "sqlalchemy" },
    { name = "transaction" },
    { name = "zope-interface" },
]
sdist = { url = "https://files.pythonhosted.org/packages/af/e6/74d2e9d8ecf2fe690f927c2e33c7c9a60049c3f8a8f39cecd6a853afc46f/zope.sqlalchemy-1.5.tar.gz", hash = "sha256:f92254197aabde794509796223d393a0149bfa827357b7d4ae75581586286ca1", size = 28207 }
wheels = [
    { url = "https://files.pythonhosted.org/packages/d1/34/649c55f79b02cc0888c68d458ba0d65ac034b22ffc6b6d5077baaa7fc07e/zope.sqlalchemy-1.5-py2.py3-none-any.whl", hash = "sha256:268bfc29a56dcaa7c3639dbe8db66d057f6abca20efeff445ed215ec8402fcab", size = 22620 },
]
